
Microsoft Visual Studio Solution File, Format Version 12.00
# Visual Studio Version 17
VisualStudioVersion = 17.6.33723.286
MinimumVisualStudioVersion = 10.0.40219.1
Project("{FAE04EC0-301F-11D3-BF4B-00C04F79EFBC}") = "jcf.auth_api.app", "jcf.auth_api.app\jcf.auth_api.app.csproj", "{FDA84BD5-C9FA-4E80-843E-FA46074AE4B5}"
EndProject
Global
	GlobalSection(SolutionConfigurationPlatforms) = preSolution
		Debug|Any CPU = Debug|Any CPU
		Release|Any CPU = Release|Any CPU
	EndGlobalSection
	GlobalSection(ProjectConfigurationPlatforms) = postSolution
		{FDA84BD5-C9FA-4E80-843E-FA46074AE4B5}.Debug|Any CPU.ActiveCfg = Debug|Any CPU
		{FDA84BD5-C9FA-4E80-843E-FA46074AE4B5}.Debug|Any CPU.Build.0 = Debug|Any CPU
		{FDA84BD5-C9FA-4E80-843E-FA46074AE4B5}.Release|Any CPU.ActiveCfg = Release|Any CPU
		{FDA84BD5-C9FA-4E80-843E-FA46074AE4B5}.Release|Any CPU.Build.0 = Release|Any CPU
	EndGlobalSection
	GlobalSection(SolutionProperties) = preSolution
		HideSolutionNode = FALSE
	EndGlobalSection
	GlobalSection(ExtensibilityGlobals) = postSolution
		SolutionGuid = {EA1B77AB-7B1B-4487-BC3B-B42E0D46717B}
	EndGlobalSection
EndGlobal
